PODS:
  - LXFitManager (1.0.0)
  - LXModalManager (1.2.0):
    - LXFitManager (~> 1.0.0)

DEPENDENCIES:
  - LXModalManager (from `./`)

SPEC REPOS:
  trunk:
    - LXFitManager

EXTERNAL SOURCES:
  LXModalManager:
    :path: "./"

SPEC CHECKSUMS:
  LXFitManager: e8f88896ba1c848c263c49250b590802a987ab3e
  LXModalManager: 5ff69dd8d90cf2264b65917ee767fce8b7502515

PODFILE CHECKSUM: 21bf34daf93c1682b0320b2bd4d471f396f1d787

COCOAPODS: 1.9.1
