PODS:
  - LXFitManager (1.0.0)
  - LXModalManager (1.0.0):
    - LXFitManager (~> 1.0.0)

DEPENDENCIES:
  - LXModalManager (from `./`)

SPEC REPOS:
  trunk:
    - LXFitManager

EXTERNAL SOURCES:
  LXModalManager:
    :path: "./"

SPEC CHECKSUMS:
  LXFitManager: e8f88896ba1c848c263c49250b590802a987ab3e
  LXModalManager: 01aa359aa2ed735fdbd3eafde25d4b74a62fa81c

PODFILE CHECKSUM: 21bf34daf93c1682b0320b2bd4d471f396f1d787

COCOAPODS: 1.9.1
